// !$*UTF8*$!
{
	archiveVersion = 1;
	classes = {
	};
	objectVersion = 50;
	objects = {

/* Begin PBXBuildFile section */
		CB70CF7626793BDD0062A33A /* AppDelegate.swift in Sources */ = {isa = PBXBuildFile; fileRef = CB70CF7526793BDD0062A33A /* AppDelegate.swift */; };
		CB70CF7826793BDD0062A33A /* SceneDelegate.swift in Sources */ = {isa = PBXBuildFile; fileRef = CB70CF7726793BDD0062A33A /* SceneDelegate.swift */; };
		CB70CF7D26793BDD0062A33A /* Main.storyboard in Resources */ = {isa = PBXBuildFile; fileRef = CB70CF7B26793BDD0062A33A /* Main.storyboard */; };
		CB70CF8026793BDD0062A33A /* RecipeMate.xcdatamodeld in Sources */ = {isa = PBXBuildFile; fileRef = CB70CF7E26793BDD0062A33A /* RecipeMate.xcdatamodeld */; };
		CB70CF8226793BDD0062A33A /* Assets.xcassets in Resources */ = {isa = PBXBuildFile; fileRef = CB70CF8126793BDD0062A33A /* Assets.xcassets */; };
		CB70CF8526793BDD0062A33A /* LaunchScreen.storyboard in Resources */ = {isa = PBXBuildFile; fileRef = CB70CF8326793BDD0062A33A /* LaunchScreen.storyboard */; };
		CB70CF9326823D530062A33A /* CategoriesVC.swift in Sources */ = {isa = PBXBuildFile; fileRef = CB70CF9226823D530062A33A /* CategoriesVC.swift */; };
		CB70CF9526823E090062A33A /* IngredientsVC.swift in Sources */ = {isa = PBXBuildFile; fileRef = CB70CF9426823E090062A33A /* IngredientsVC.swift */; };
		CB70CF9726823E210062A33A /* SearchVC.swift in Sources */ = {isa = PBXBuildFile; fileRef = CB70CF9626823E210062A33A /* SearchVC.swift */; };
		CB70CF9A2682401E0062A33A /* Constants.swift in Sources */ = {isa = PBXBuildFile; fileRef = CB70CF992682401E0062A33A /* Constants.swift */; };
		CB70CF9C268249BD0062A33A /* CategoriesViewModel.swift in Sources */ = {isa = PBXBuildFile; fileRef = CB70CF9B268249BD0062A33A /* CategoriesViewModel.swift */; };
		CB70CF9E268251820062A33A /* CategoryCell.swift in Sources */ = {isa = PBXBuildFile; fileRef = CB70CF9D268251820062A33A /* CategoryCell.swift */; };
		CB70CFA0268255E80062A33A /* MaterialView.swift in Sources */ = {isa = PBXBuildFile; fileRef = CB70CF9F268255E80062A33A /* MaterialView.swift */; };
		CB70CFA2268289E80062A33A /* IngredientCell.swift in Sources */ = {isa = PBXBuildFile; fileRef = CB70CFA1268289E80062A33A /* IngredientCell.swift */; };
		CB70CFA426828DDE0062A33A /* IngredientsViewModel.swift in Sources */ = {isa = PBXBuildFile; fileRef = CB70CFA326828DDE0062A33A /* IngredientsViewModel.swift */; };
/* End PBXBuildFile section */

/* Begin PBXFileReference section */
		CB70CF7226793BDD0062A33A /* RecipeMate.app */ = {isa = PBXFileReference; explicitFileType = wrapper.application; includeInIndex = 0; path = RecipeMate.app; sourceTree = BUILT_PRODUCTS_DIR; };
		CB70CF7526793BDD0062A33A /* AppDelegate.swift */ = {isa = PBXFileReference; lastKnownFileType = sourcecode.swift; path = AppDelegate.swift; sourceTree = "<group>"; };
		CB70CF7726793BDD0062A33A /* SceneDelegate.swift */ = {isa = PBXFileReference; lastKnownFileType = sourcecode.swift; path = SceneDelegate.swift; sourceTree = "<group>"; };
		CB70CF7C26793BDD0062A33A /* Base */ = {isa = PBXFileReference; lastKnownFileType = file.storyboard; name = Base; path = Base.lproj/Main.storyboard; sourceTree = "<group>"; };
		CB70CF7F26793BDD0062A33A /* RecipeMate.xcdatamodel */ = {isa = PBXFileReference; lastKnownFileType = wrapper.xcdatamodel; path = RecipeMate.xcdatamodel; sourceTree = "<group>"; };
		CB70CF8126793BDD0062A33A /* Assets.xcassets */ = {isa = PBXFileReference; lastKnownFileType = folder.assetcatalog; path = Assets.xcassets; sourceTree = "<group>"; };
		CB70CF8426793BDD0062A33A /* Base */ = {isa = PBXFileReference; lastKnownFileType = file.storyboard; name = Base; path = Base.lproj/LaunchScreen.storyboard; sourceTree = "<group>"; };
		CB70CF8626793BDD0062A33A /* Info.plist */ = {isa = PBXFileReference; lastKnownFileType = text.plist.xml; path = Info.plist; sourceTree = "<group>"; };
		CB70CF9226823D530062A33A /* CategoriesVC.swift */ = {isa = PBXFileReference; lastKnownFileType = sourcecode.swift; path = CategoriesVC.swift; sourceTree = "<group>"; };
		CB70CF9426823E090062A33A /* IngredientsVC.swift */ = {isa = PBXFileReference; lastKnownFileType = sourcecode.swift; path = IngredientsVC.swift; sourceTree = "<group>"; };
		CB70CF9626823E210062A33A /* SearchVC.swift */ = {isa = PBXFileReference; lastKnownFileType = sourcecode.swift; path = SearchVC.swift; sourceTree = "<group>"; };
		CB70CF992682401E0062A33A /* Constants.swift */ = {isa = PBXFileReference; lastKnownFileType = sourcecode.swift; path = Constants.swift; sourceTree = "<group>"; };
		CB70CF9B268249BD0062A33A /* CategoriesViewModel.swift */ = {isa = PBXFileReference; lastKnownFileType = sourcecode.swift; path = CategoriesViewModel.swift; sourceTree = "<group>"; };
		CB70CF9D268251820062A33A /* CategoryCell.swift */ = {isa = PBXFileReference; lastKnownFileType = sourcecode.swift; path = CategoryCell.swift; sourceTree = "<group>"; };
		CB70CF9F268255E80062A33A /* MaterialView.swift */ = {isa = PBXFileReference; fileEncoding = 4; lastKnownFileType = sourcecode.swift; path = MaterialView.swift; sourceTree = "<group>"; };
		CB70CFA1268289E80062A33A /* IngredientCell.swift */ = {isa = PBXFileReference; lastKnownFileType = sourcecode.swift; path = IngredientCell.swift; sourceTree = "<group>"; };
		CB70CFA326828DDE0062A33A /* IngredientsViewModel.swift */ = {isa = PBXFileReference; lastKnownFileType = sourcecode.swift; path = IngredientsViewModel.swift; sourceTree = "<group>"; };
/* End PBXFileReference section */

/* Begin PBXFrameworksBuildPhase section */
		CB70CF6F26793BDD0062A33A /* Frameworks */ = {
			isa = PBXFrameworksBuildPhase;
			buildActionMask = 2147483647;
			files = (
			);
			runOnlyForDeploymentPostprocessing = 0;
		};
/* End PBXFrameworksBuildPhase section */

/* Begin PBXGroup section */
		CB70CF6926793BDC0062A33A = {
			isa = PBXGroup;
			children = (
				CB70CF7426793BDD0062A33A /* RecipeMate */,
				CB70CF7326793BDD0062A33A /* Products */,
			);
			sourceTree = "<group>";
		};
		CB70CF7326793BDD0062A33A /* Products */ = {
			isa = PBXGroup;
			children = (
				CB70CF7226793BDD0062A33A /* RecipeMate.app */,
			);
			name = Products;
			sourceTree = "<group>";
		};
		CB70CF7426793BDD0062A33A /* RecipeMate */ = {
			isa = PBXGroup;
			children = (
				CB70CF9826823FF80062A33A /* Utilities */,
				CB70CF8F268239900062A33A /* Model */,
				CB70CF8E268239790062A33A /* View */,
				CB70CF8C268239690062A33A /* Controller */,
				CB70CF7526793BDD0062A33A /* AppDelegate.swift */,
				CB70CF7726793BDD0062A33A /* SceneDelegate.swift */,
				CB70CF7B26793BDD0062A33A /* Main.storyboard */,
				CB70CF8126793BDD0062A33A /* Assets.xcassets */,
				CB70CF8326793BDD0062A33A /* LaunchScreen.storyboard */,
				CB70CF8626793BDD0062A33A /* Info.plist */,
				CB70CF7E26793BDD0062A33A /* RecipeMate.xcdatamodeld */,
			);
			path = RecipeMate;
			sourceTree = "<group>";
		};
		CB70CF8C268239690062A33A /* Controller */ = {
			isa = PBXGroup;
			children = (
				CB70CF9226823D530062A33A /* CategoriesVC.swift */,
				CB70CF9426823E090062A33A /* IngredientsVC.swift */,
				CB70CF9626823E210062A33A /* SearchVC.swift */,
			);
			path = Controller;
			sourceTree = "<group>";
		};
		CB70CF8E268239790062A33A /* View */ = {
			isa = PBXGroup;
			children = (
				CB70CF9F268255E80062A33A /* MaterialView.swift */,
				CB70CF9D268251820062A33A /* CategoryCell.swift */,
				CB70CFA1268289E80062A33A /* IngredientCell.swift */,
			);
			path = View;
			sourceTree = "<group>";
		};
		CB70CF8F268239900062A33A /* Model */ = {
			isa = PBXGroup;
			children = (
				CB70CF9B268249BD0062A33A /* CategoriesViewModel.swift */,
				CB70CFA326828DDE0062A33A /* IngredientsViewModel.swift */,
			);
			path = Model;
			sourceTree = "<group>";
		};
		CB70CF9826823FF80062A33A /* Utilities */ = {
			isa = PBXGroup;
			children = (
				CB70CF992682401E0062A33A /* Constants.swift */,
			);
			path = Utilities;
			sourceTree = "<group>";
		};
/* End PBXGroup section */

/* Begin PBXNativeTarget section */
		CB70CF7126793BDD0062A33A /* RecipeMate */ = {
			isa = PBXNativeTarget;
			buildConfigurationList = CB70CF8926793BDD0062A33A /* Build configuration list for PBXNativeTarget "RecipeMate" */;
			buildPhases = (
				CB70CF6E26793BDD0062A33A /* Sources */,
				CB70CF6F26793BDD0062A33A /* Frameworks */,
				CB70CF7026793BDD0062A33A /* Resources */,
			);
			buildRules = (
			);
			dependencies = (
			);
			name = RecipeMate;
			productName = RecipeMate;
			productReference = CB70CF7226793BDD0062A33A /* RecipeMate.app */;
			productType = "com.apple.product-type.application";
		};
/* End PBXNativeTarget section */

/* Begin PBXProject section */
		CB70CF6A26793BDC0062A33A /* Project object */ = {
			isa = PBXProject;
			attributes = {
				LastSwiftUpdateCheck = 1250;
				LastUpgradeCheck = 1250;
				TargetAttributes = {
					CB70CF7126793BDD0062A33A = {
						CreatedOnToolsVersion = 12.5;
					};
				};
			};
			buildConfigurationList = CB70CF6D26793BDC0062A33A /* Build configuration list for PBXProject "RecipeMate" */;
			compatibilityVersion = "Xcode 9.3";
			developmentRegion = en;
			hasScannedForEncodings = 0;
			knownRegions = (
				en,
				Base,
			);
			mainGroup = CB70CF6926793BDC0062A33A;
			productRefGroup = CB70CF7326793BDD0062A33A /* Products */;
			projectDirPath = "";
			projectRoot = "";
			targets = (
				CB70CF7126793BDD0062A33A /* RecipeMate */,
			);
		};
/* End PBXProject section */

/* Begin PBXResourcesBuildPhase section */
		CB70CF7026793BDD0062A33A /* Resources */ = {
			isa = PBXResourcesBuildPhase;
			buildActionMask = 2147483647;
			files = (
				CB70CF8526793BDD0062A33A /* LaunchScreen.storyboard in Resources */,
				CB70CF8226793BDD0062A33A /* Assets.xcassets in Resources */,
				CB70CF7D26793BDD0062A33A /* Main.storyboard in Resources */,
			);
			runOnlyForDeploymentPostprocessing = 0;
		};
/* End PBXResourcesBuildPhase section */

/* Begin PBXSourcesBuildPhase section */
		CB70CF6E26793BDD0062A33A /* Sources */ = {
			isa = PBXSourcesBuildPhase;
			buildActionMask = 2147483647;
			files = (
				CB70CF9326823D530062A33A /* CategoriesVC.swift in Sources */,
				CB70CF9526823E090062A33A /* IngredientsVC.swift in Sources */,
				CB70CF7626793BDD0062A33A /* AppDelegate.swift in Sources */,
				CB70CF8026793BDD0062A33A /* RecipeMate.xcdatamodeld in Sources */,
				CB70CF7826793BDD0062A33A /* SceneDelegate.swift in Sources */,
				CB70CFA426828DDE0062A33A /* IngredientsViewModel.swift in Sources */,
				CB70CF9E268251820062A33A /* CategoryCell.swift in Sources */,
				CB70CFA2268289E80062A33A /* IngredientCell.swift in Sources */,
				CB70CF9726823E210062A33A /* SearchVC.swift in Sources */,
				CB70CFA0268255E80062A33A /* MaterialView.swift in Sources */,
				CB70CF9C268249BD0062A33A /* CategoriesViewModel.swift in Sources */,
				CB70CF9A2682401E0062A33A /* Constants.swift in Sources */,
			);
			runOnlyForDeploymentPostprocessing = 0;
		};
/* End PBXSourcesBuildPhase section */

/* Begin PBXVariantGroup section */
		CB70CF7B26793BDD0062A33A /* Main.storyboard */ = {
			isa = PBXVariantGroup;
			children = (
				CB70CF7C26793BDD0062A33A /* Base */,
			);
			name = Main.storyboard;
			sourceTree = "<group>";
		};
		CB70CF8326793BDD0062A33A /* LaunchScreen.storyboard */ = {
			isa = PBXVariantGroup;
			children = (
				CB70CF8426793BDD0062A33A /* Base */,
			);
			name = LaunchScreen.storyboard;
			sourceTree = "<group>";
		};
/* End PBXVariantGroup section */

/* Begin XCBuildConfiguration section */
		CB70CF8726793BDD0062A33A /* Debug */ = {
			isa = XCBuildConfiguration;
			buildSettings = {
				ALWAYS_SEARCH_USER_PATHS = NO;
				CLANG_ANALYZER_NONNULL = YES;
				CLANG_ANALYZER_NUMBER_OBJECT_CONVERSION = YES_AGGRESSIVE;
				CLANG_CXX_LANGUAGE_STANDARD = "gnu++14";
				CLANG_CXX_LIBRARY = "libc++";
				CLANG_ENABLE_MODULES = YES;
				CLANG_ENABLE_OBJC_ARC = YES;
				CLANG_ENABLE_OBJC_WEAK = YES;
				CLANG_WARN_BLOCK_CAPTURE_AUTORELEASING = YES;
				CLANG_WARN_BOOL_CONVERSION = YES;
				CLANG_WARN_COMMA = YES;
				CLANG_WARN_CONSTANT_CONVERSION = YES;
				CLANG_WARN_DEPRECATED_OBJC_IMPLEMENTATIONS = YES;
				CLANG_WARN_DIRECT_OBJC_ISA_USAGE = YES_ERROR;
				CLANG_WARN_DOCUMENTATION_COMMENTS = YES;
				CLANG_WARN_EMPTY_BODY = YES;
				CLANG_WARN_ENUM_CONVERSION = YES;
				CLANG_WARN_INFINITE_RECURSION = YES;
				CLANG_WARN_INT_CONVERSION = YES;
				CLANG_WARN_NON_LITERAL_NULL_CONVERSION = YES;
				CLANG_WARN_OBJC_IMPLICIT_RETAIN_SELF = YES;
				CLANG_WARN_OBJC_LITERAL_CONVERSION = YES;
				CLANG_WARN_OBJC_ROOT_CLASS = YES_ERROR;
				CLANG_WARN_QUOTED_INCLUDE_IN_FRAMEWORK_HEADER = YES;
				CLANG_WARN_RANGE_LOOP_ANALYSIS = YES;
				CLANG_WARN_STRICT_PROTOTYPES = YES;
				CLANG_WARN_SUSPICIOUS_MOVE = YES;
				CLANG_WARN_UNGUARDED_AVAILABILITY = YES_AGGRESSIVE;
				CLANG_WARN_UNREACHABLE_CODE = YES;
				CLANG_WARN__DUPLICATE_METHOD_MATCH = YES;
				COPY_PHASE_STRIP = NO;
				DEBUG_INFORMATION_FORMAT = dwarf;
				ENABLE_STRICT_OBJC_MSGSEND = YES;
				ENABLE_TESTABILITY = YES;
				GCC_C_LANGUAGE_STANDARD = gnu11;
				GCC_DYNAMIC_NO_PIC = NO;
				GCC_NO_COMMON_BLOCKS = YES;
				GCC_OPTIMIZATION_LEVEL = 0;
				GCC_PREPROCESSOR_DEFINITIONS = (
					"DEBUG=1",
					"$(inherited)",
				);
				GCC_WARN_64_TO_32_BIT_CONVERSION = YES;
				GCC_WARN_ABOUT_RETURN_TYPE = YES_ERROR;
				GCC_WARN_UNDECLARED_SELECTOR = YES;
				GCC_WARN_UNINITIALIZED_AUTOS = YES_AGGRESSIVE;
				GCC_WARN_UNUSED_FUNCTION = YES;
				GCC_WARN_UNUSED_VARIABLE = YES;
				IPHONEOS_DEPLOYMENT_TARGET = 14.5;
				MTL_ENABLE_DEBUG_INFO = INCLUDE_SOURCE;
				MTL_FAST_MATH = YES;
				ONLY_ACTIVE_ARCH = YES;
				SDKROOT = iphoneos;
				SWIFT_ACTIVE_COMPILATION_CONDITIONS = DEBUG;
				SWIFT_OPTIMIZATION_LEVEL = "-Onone";
			};
			name = Debug;
		};
		CB70CF8826793BDD0062A33A /* Release */ = {
			isa = XCBuildConfiguration;
			buildSettings = {
				ALWAYS_SEARCH_USER_PATHS = NO;
				CLANG_ANALYZER_NONNULL = YES;
				CLANG_ANALYZER_NUMBER_OBJECT_CONVERSION = YES_AGGRESSIVE;
				CLANG_CXX_LANGUAGE_STANDARD = "gnu++14";
				CLANG_CXX_LIBRARY = "libc++";
				CLANG_ENABLE_MODULES = YES;
				CLANG_ENABLE_OBJC_ARC = YES;
				CLANG_ENABLE_OBJC_WEAK = YES;
				CLANG_WARN_BLOCK_CAPTURE_AUTORELEASING = YES;
				CLANG_WARN_BOOL_CONVERSION = YES;
				CLANG_WARN_COMMA = YES;
				CLANG_WARN_CONSTANT_CONVERSION = YES;
				CLANG_WARN_DEPRECATED_OBJC_IMPLEMENTATIONS = YES;
				CLANG_WARN_DIRECT_OBJC_ISA_USAGE = YES_ERROR;
				CLANG_WARN_DOCUMENTATION_COMMENTS = YES;
				CLANG_WARN_EMPTY_BODY = YES;
				CLANG_WARN_ENUM_CONVERSION = YES;
				CLANG_WARN_INFINITE_RECURSION = YES;
				CLANG_WARN_INT_CONVERSION = YES;
				CLANG_WARN_NON_LITERAL_NULL_CONVERSION = YES;
				CLANG_WARN_OBJC_IMPLICIT_RETAIN_SELF = YES;
				CLANG_WARN_OBJC_LITERAL_CONVERSION = YES;
				CLANG_WARN_OBJC_ROOT_CLASS = YES_ERROR;
				CLANG_WARN_QUOTED_INCLUDE_IN_FRAMEWORK_HEADER = YES;
				CLANG_WARN_RANGE_LOOP_ANALYSIS = YES;
				CLANG_WARN_STRICT_PROTOTYPES = YES;
				CLANG_WARN_SUSPICIOUS_MOVE = YES;
				CLANG_WARN_UNGUARDED_AVAILABILITY = YES_AGGRESSIVE;
				CLANG_WARN_UNREACHABLE_CODE = YES;
				CLANG_WARN__DUPLICATE_METHOD_MATCH = YES;
				COPY_PHASE_STRIP = NO;
				DEBUG_INFORMATION_FORMAT = "dwarf-with-dsym";
				ENABLE_NS_ASSERTIONS = NO;
				ENABLE_STRICT_OBJC_MSGSEND = YES;
				GCC_C_LANGUAGE_STANDARD = gnu11;
				GCC_NO_COMMON_BLOCKS = YES;
				GCC_WARN_64_TO_32_BIT_CONVERSION = YES;
				GCC_WARN_ABOUT_RETURN_TYPE = YES_ERROR;
				GCC_WARN_UNDECLARED_SELECTOR = YES;
				GCC_WARN_UNINITIALIZED_AUTOS = YES_AGGRESSIVE;
				GCC_WARN_UNUSED_FUNCTION = YES;
				GCC_WARN_UNUSED_VARIABLE = YES;
				IPHONEOS_DEPLOYMENT_TARGET = 14.5;
				MTL_ENABLE_DEBUG_INFO = NO;
				MTL_FAST_MATH = YES;
				SDKROOT = iphoneos;
				SWIFT_COMPILATION_MODE = wholemodule;
				SWIFT_OPTIMIZATION_LEVEL = "-O";
				VALIDATE_PRODUCT = YES;
			};
			name = Release;
		};
		CB70CF8A26793BDD0062A33A /* Debug */ = {
			isa = XCBuildConfiguration;
			buildSettings = {
				ASSETCATALOG_COMPILER_APPICON_NAME = AppIcon;
				ASSETCATALOG_COMPILER_GLOBAL_ACCENT_COLOR_NAME = AccentColor;
				CODE_SIGN_STYLE = Automatic;
				INFOPLIST_FILE = RecipeMate/Info.plist;
				LD_RUNPATH_SEARCH_PATHS = (
					"$(inherited)",
					"@executable_path/Frameworks",
				);
				PRODUCT_BUNDLE_IDENTIFIER = com.herbiedodge.RecipeMate;
				PRODUCT_NAME = "$(TARGET_NAME)";
				SWIFT_VERSION = 5.0;
				TARGETED_DEVICE_FAMILY = "1,2";
			};
			name = Debug;
		};
		CB70CF8B26793BDD0062A33A /* Release */ = {
			isa = XCBuildConfiguration;
			buildSettings = {
				ASSETCATALOG_COMPILER_APPICON_NAME = AppIcon;
				ASSETCATALOG_COMPILER_GLOBAL_ACCENT_COLOR_NAME = AccentColor;
				CODE_SIGN_STYLE = Automatic;
				INFOPLIST_FILE = RecipeMate/Info.plist;
				LD_RUNPATH_SEARCH_PATHS = (
					"$(inherited)",
					"@executable_path/Frameworks",
				);
				PRODUCT_BUNDLE_IDENTIFIER = com.herbiedodge.RecipeMate;
				PRODUCT_NAME = "$(TARGET_NAME)";
				SWIFT_VERSION = 5.0;
				TARGETED_DEVICE_FAMILY = "1,2";
			};
			name = Release;
		};
/* End XCBuildConfiguration section */

/* Begin XCConfigurationList section */
		CB70CF6D26793BDC0062A33A /* Build configuration list for PBXProject "RecipeMate" */ = {
			isa = XCConfigurationList;
			buildConfigurations = (
				CB70CF8726793BDD0062A33A /* Debug */,
				CB70CF8826793BDD0062A33A /* Release */,
			);
			defaultConfigurationIsVisible = 0;
			defaultConfigurationName = Release;
		};
		CB70CF8926793BDD0062A33A /* Build configuration list for PBXNativeTarget "RecipeMate" */ = {
			isa = XCConfigurationList;
			buildConfigurations = (
				CB70CF8A26793BDD0062A33A /* Debug */,
				CB70CF8B26793BDD0062A33A /* Release */,
			);
			defaultConfigurationIsVisible = 0;
			defaultConfigurationName = Release;
		};
/* End XCConfigurationList section */

/* Begin XCVersionGroup section */
		CB70CF7E26793BDD0062A33A /* RecipeMate.xcdatamodeld */ = {
			isa = XCVersionGroup;
			children = (
				CB70CF7F26793BDD0062A33A /* RecipeMate.xcdatamodel */,
			);
			currentVersion = CB70CF7F26793BDD0062A33A /* RecipeMate.xcdatamodel */;
			path = RecipeMate.xcdatamodeld;
			sourceTree = "<group>";
			versionGroupType = wrapper.xcdatamodel;
		};
/* End XCVersionGroup section */
	};
	rootObject = CB70CF6A26793BDC0062A33A /* Project object */;
}
